
Microsoft Visual Studio Solution File, Format Version 12.00
# Visual Studio Version 17
VisualStudioVersion = 17.7.34202.233
MinimumVisualStudioVersion = 10.0.40219.1
Project("{FAE04EC0-301F-11D3-BF4B-00C04F79EFBC}") = "Combos de comida", "Combos de comida.csproj", "{79E8B60A-4929-43A0-AA6D-1AE6EEE6FE9C}"
EndProject
Global
	GlobalSection(SolutionConfigurationPlatforms) = preSolution
		Debug|Any CPU = Debug|Any CPU
		Release|Any CPU = Release|Any CPU
	EndGlobalSection
	GlobalSection(ProjectConfigurationPlatforms) = postSolution
		{79E8B60A-4929-43A0-AA6D-1AE6EEE6FE9C}.Debug|Any CPU.ActiveCfg = Debug|Any CPU
		{79E8B60A-4929-43A0-AA6D-1AE6EEE6FE9C}.Debug|Any CPU.Build.0 = Debug|Any CPU
		{79E8B60A-4929-43A0-AA6D-1AE6EEE6FE9C}.Release|Any CPU.ActiveCfg = Release|Any CPU
		{79E8B60A-4929-43A0-AA6D-1AE6EEE6FE9C}.Release|Any CPU.Build.0 = Release|Any CPU
	EndGlobalSection
	GlobalSection(SolutionProperties) = preSolution
		HideSolutionNode = FALSE
	EndGlobalSection
	GlobalSection(ExtensibilityGlobals) = postSolution
		SolutionGuid = {2414E357-E6C2-41B8-B85A-766A7A7CFAFB}
	EndGlobalSection
EndGlobal
